
Microsoft Visual Studio Solution File, Format Version 12.00
# Visual Studio Version 16
VisualStudioVersion = 16.0.31129.286
MinimumVisualStudioVersion = 10.0.40219.1
Project("{FAE04EC0-301F-11D3-BF4B-00C04F79EFBC}") = "BooksLibrary", "BooksLibrary\BooksLibrary.csproj", "{7094B3E2-1B56-46F8-93FB-7009BF90ADA8}"
EndProject
Project("{FAE04EC0-301F-11D3-BF4B-00C04F79EFBC}") = "CBookLib", "CBookLib\CBookLib.csproj", "{83197D14-C496-4EAB-84F6-75C6C7AC088E}"
EndProject
Global
	GlobalSection(SolutionConfigurationPlatforms) = preSolution
		Debug|Any CPU = Debug|Any CPU
		Release|Any CPU = Release|Any CPU
	EndGlobalSection
	GlobalSection(ProjectConfigurationPlatforms) = postSolution
		{7094B3E2-1B56-46F8-93FB-7009BF90ADA8}.Debug|Any CPU.ActiveCfg = Debug|Any CPU
		{7094B3E2-1B56-46F8-93FB-7009BF90ADA8}.Debug|Any CPU.Build.0 = Debug|Any CPU
		{7094B3E2-1B56-46F8-93FB-7009BF90ADA8}.Release|Any CPU.ActiveCfg = Release|Any CPU
		{7094B3E2-1B56-46F8-93FB-7009BF90ADA8}.Release|Any CPU.Build.0 = Release|Any CPU
		{83197D14-C496-4EAB-84F6-75C6C7AC088E}.Debug|Any CPU.ActiveCfg = Debug|Any CPU
		{83197D14-C496-4EAB-84F6-75C6C7AC088E}.Debug|Any CPU.Build.0 = Debug|Any CPU
		{83197D14-C496-4EAB-84F6-75C6C7AC088E}.Release|Any CPU.ActiveCfg = Release|Any CPU
		{83197D14-C496-4EAB-84F6-75C6C7AC088E}.Release|Any CPU.Build.0 = Release|Any CPU
	EndGlobalSection
	GlobalSection(SolutionProperties) = preSolution
		HideSolutionNode = FALSE
	EndGlobalSection
	GlobalSection(ExtensibilityGlobals) = postSolution
		SolutionGuid = {59497C8B-2098-4A7E-9CFE-27F2B9F1C32B}
	EndGlobalSection
EndGlobal
